<?xml version="1.0" encoding="utf-8"?>
<Project ToolsVersion="4.0" xmlns="http://schemas.microsoft.com/developer/msbuild/2003">
  <ItemGroup>
    <Filter Include="Source Files">
      <UniqueIdentifier>{4FC737F1-C7A5-4376-A066-2A32D752A2FF}</UniqueIdentifier>
      <Extensions>cpp;c;cc;cxx;def;odl;idl;hpj;bat;asm;asmx</Extensions>
    </Filter>
    <Filter Include="Header Files">
      <UniqueIdentifier>{93995380-89BD-4b04-88EB-625FBE52EBFB}</UniqueIdentifier>
      <Extensions>h;hpp;hxx;hm;inl;inc;xsd</Extensions>
    </Filter>
    <Filter Include="Resource Files">
      <UniqueIdentifier>{67DA6AB6-F800-4c08-8B7A-83BB121AAD01}</UniqueIdentifier>
      <Extensions>rc;ico;cur;bmp;dlg;rc2;rct;bin;rgs;gif;jpg;jpeg;jpe;resx;tiff;tif;png;wav;mfcribbon-ms</Extensions>
    </Filter>
    <Filter Include="Header Files\FeatureIndexing">
      <UniqueIdentifier>{20fe4ed6-5aaa-403b-aaca-f7e0253f521b}</UniqueIdentifier>
    </Filter>
    <Filter Include="Source Files\FeatureIndexing">
      <UniqueIdentifier>{19864e70-fd76-4867-91fe-8742d91db9ef}</UniqueIdentifier>
    </Filter>
    <Filter Include="Header Files\Db">
      <UniqueIdentifier>{0322328c-f254-4bbb-aa7b-96f9c9aaef0e}</UniqueIdentifier>
    </Filter>
    <Filter Include="Header Files\Db\mysql">
      <UniqueIdentifier>{b23d909d-bc92-45a6-b076-2ca89b783ace}</UniqueIdentifier>
    </Filter>
    <Filter Include="Source Files\Db">
      <UniqueIdentifier>{839ea9da-abbc-4714-bd6f-89073d9e72c4}</UniqueIdentifier>
    </Filter>
    <Filter Include="Source Files\Db\mysql">
      <UniqueIdentifier>{c9dc70fe-fd7e-45a6-90c0-a3a23d76eaa1}</UniqueIdentifier>
    </Filter>
  </ItemGroup>
  <ItemGroup>
    <ClInclude Include="..\include\core\IndexManager.h">
      <Filter>Header Files\FeatureIndexing</Filter>
    </ClInclude>
    <ClInclude Include="..\include\core\IndexNode.h">
      <Filter>Header Files\FeatureIndexing</Filter>
    </ClInclude>
    <ClInclude Include="..\include\core\IndexSeekResult.h">
      <Filter>Header Files\FeatureIndexing</Filter>
    </ClInclude>
    <ClInclude Include="..\include\core\IndexStorage.h">
      <Filter>Header Files\FeatureIndexing</Filter>
    </ClInclude>
    <ClInclude Include="..\include\core\LinearSearchIM.h">
      <Filter>Header Files\FeatureIndexing</Filter>
    </ClInclude>
    <ClInclude Include="..\include\core\Feature.h">
      <Filter>Header Files</Filter>
    </ClInclude>
    <ClInclude Include="..\include\core\FeatureDistance.h">
      <Filter>Header Files</Filter>
    </ClInclude>
    <ClInclude Include="..\include\core\FeatureExtractor.h">
      <Filter>Header Files</Filter>
    </ClInclude>
    <ClInclude Include="..\include\core\FeatureRepository.h">
      <Filter>Header Files</Filter>
    </ClInclude>
    <ClInclude Include="..\include\core\ImgInfo.h">
      <Filter>Header Files</Filter>
    </ClInclude>
    <ClInclude Include="..\include\core\SearchSystem.h">
      <Filter>Header Files</Filter>
    </ClInclude>
    <ClInclude Include="..\include\core\IFeatureDeserializer.h">
      <Filter>Header Files\FeatureIndexing</Filter>
    </ClInclude>
    <ClInclude Include="..\include\core\RDBMSIndexStorage.h">
      <Filter>Header Files\FeatureIndexing</Filter>
    </ClInclude>
    <ClInclude Include="..\include\core\FsImgStorage.h">
      <Filter>Header Files</Filter>
    </ClInclude>
    <ClInclude Include="..\include\core\Indexer.h">
      <Filter>Header Files</Filter>
    </ClInclude>
    <ClInclude Include="..\include\core\ImgContentStorage.h">
      <Filter>Header Files</Filter>
    </ClInclude>
    <ClInclude Include="..\include\core\ImgMetadataStorage.h">
      <Filter>Header Files</Filter>
    </ClInclude>
    <ClInclude Include="..\include\core\RDBMSImgMetadataStorage.h">
      <Filter>Header Files</Filter>
    </ClInclude>
    <ClInclude Include="..\include\core\DbWrapper.h">
      <Filter>Header Files\Db</Filter>
    </ClInclude>
    <ClInclude Include="..\include\core\mysqlheaders.h">
      <Filter>Header Files\Db</Filter>
    </ClInclude>
    <ClInclude Include="..\include\core\DbType.h">
      <Filter>Header Files\Db</Filter>
    </ClInclude>
    <ClInclude Include="..\include\core\BindInfo.h">
      <Filter>Header Files\Db</Filter>
    </ClInclude>
    <ClInclude Include="..\include\core\DbResultReader.h">
      <Filter>Header Files\Db</Filter>
    </ClInclude>
    <ClInclude Include="..\include\core\MySqlDbWrapper.h">
      <Filter>Header Files\Db\mysql</Filter>
    </ClInclude>
    <ClInclude Include="..\include\core\MySqlResultReader.h">
      <Filter>Header Files\Db\mysql</Filter>
    </ClInclude>
    <ClInclude Include="..\include\core\MySqlConnectionSettings.h">
      <Filter>Header Files\Db\mysql</Filter>
    </ClInclude>
    <ClInclude Include="..\include\core\FieldValue.h">
      <Filter>Header Files\Db</Filter>
    </ClInclude>
    <ClInclude Include="..\include\core\FieldsDictionary.h">
      <Filter>Header Files\Db</Filter>
    </ClInclude>
    <ClInclude Include="..\include\core\MySqlTypesHelper.h">
      <Filter>Header Files\Db\mysql</Filter>
    </ClInclude>
    <ClInclude Include="..\include\core\FsRepositoryInfo.h">
      <Filter>Header Files</Filter>
    </ClInclude>
    <ClInclude Include="..\include\core\CheckDirResult.h">
      <Filter>Header Files</Filter>
    </ClInclude>
  </ItemGroup>
  <ItemGroup>
    <ClCompile Include="..\src\core\IndexManager.cpp">
      <Filter>Source Files\FeatureIndexing</Filter>
    </ClCompile>
    <ClCompile Include="..\src\core\IndexSeekResult.cpp">
      <Filter>Source Files\FeatureIndexing</Filter>
    </ClCompile>
    <ClCompile Include="..\src\core\IndexStorage.cpp">
      <Filter>Source Files\FeatureIndexing</Filter>
    </ClCompile>
    <ClCompile Include="..\src\core\LinearSearchIM.cpp">
      <Filter>Source Files\FeatureIndexing</Filter>
    </ClCompile>
    <ClCompile Include="..\src\core\Feature.cpp">
      <Filter>Source Files</Filter>
    </ClCompile>
    <ClCompile Include="..\src\core\FeatureDistance.cpp">
      <Filter>Source Files</Filter>
    </ClCompile>
    <ClCompile Include="..\src\core\FeatureRepository.cpp">
      <Filter>Source Files</Filter>
    </ClCompile>
    <ClCompile Include="..\src\core\ImgInfo.cpp">
      <Filter>Source Files</Filter>
    </ClCompile>
    <ClCompile Include="..\src\core\SearchSystem.cpp">
      <Filter>Source Files</Filter>
    </ClCompile>
    <ClCompile Include="..\src\core\RDBMSIndexStorage.cpp">
      <Filter>Source Files\FeatureIndexing</Filter>
    </ClCompile>
    <ClCompile Include="..\src\core\Indexer.cpp">
      <Filter>Source Files</Filter>
    </ClCompile>
    <ClCompile Include="..\src\core\RDBMSImgMetadataStorage.cpp">
      <Filter>Source Files</Filter>
    </ClCompile>
    <ClCompile Include="..\src\core\BindInfo.cpp">
      <Filter>Source Files\Db</Filter>
    </ClCompile>
    <ClCompile Include="..\src\core\FieldValue.cpp">
      <Filter>Source Files\Db</Filter>
    </ClCompile>
    <ClCompile Include="..\src\core\MySqlDbWrapper.cpp">
      <Filter>Source Files\Db\mysql</Filter>
    </ClCompile>
    <ClCompile Include="..\src\core\MySqlResultReader.cpp">
      <Filter>Source Files\Db\mysql</Filter>
    </ClCompile>
    <ClCompile Include="..\src\core\MySqlTypesHelper.cpp">
      <Filter>Source Files\Db\mysql</Filter>
    </ClCompile>
    <ClCompile Include="..\src\core\FieldsDictionary.cpp">
      <Filter>Source Files\Db</Filter>
    </ClCompile>
    <ClCompile Include="..\src\core\DbWrapper.cpp">
      <Filter>Source Files\Db</Filter>
    </ClCompile>
    <ClCompile Include="..\src\core\FsImgStorage.cpp">
      <Filter>Source Files</Filter>
    </ClCompile>
    <ClCompile Include="..\src\core\FeatureExtractor.cpp">
      <Filter>Source Files</Filter>
    </ClCompile>
    <ClCompile Include="..\src\core\FsRepositoryInfo.cpp">
      <Filter>Source Files</Filter>
    </ClCompile>
    <ClCompile Include="..\src\core\IndexNode.cpp">
      <Filter>Source Files\FeatureIndexing</Filter>
    </ClCompile>
  </ItemGroup>
  <ItemGroup>
    <None Include="..\include\core\NonQueryExecResult.h">
      <Filter>Header Files\Db</Filter>
    </None>
  </ItemGroup>
</Project>