<?xml version="1.0" encoding="utf-8"?>
<Project ToolsVersion="4.0" xmlns="http://schemas.microsoft.com/developer/msbuild/2003">
  <ItemGroup>
    <Filter Include="Source Files">
      <UniqueIdentifier>{4FC737F1-C7A5-4376-A066-2A32D752A2FF}</UniqueIdentifier>
      <Extensions>cpp;c;cc;cxx;def;odl;idl;hpj;bat;asm;asmx</Extensions>
    </Filter>
    <Filter Include="Header Files">
      <UniqueIdentifier>{93995380-89BD-4b04-88EB-625FBE52EBFB}</UniqueIdentifier>
      <Extensions>h;hpp;hxx;hm;inl;inc;xsd</Extensions>
    </Filter>
    <Filter Include="Resource Files">
      <UniqueIdentifier>{67DA6AB6-F800-4c08-8B7A-83BB121AAD01}</UniqueIdentifier>
      <Extensions>rc;ico;cur;bmp;dlg;rc2;rct;bin;rgs;gif;jpg;jpeg;jpe;resx;tiff;tif;png;wav;mfcribbon-ms</Extensions>
    </Filter>
    <Filter Include="Header Files\FeatureIndexing">
      <UniqueIdentifier>{20fe4ed6-5aaa-403b-aaca-f7e0253f521b}</UniqueIdentifier>
    </Filter>
    <Filter Include="Source Files\FeatureIndexing">
      <UniqueIdentifier>{19864e70-fd76-4867-91fe-8742d91db9ef}</UniqueIdentifier>
    </Filter>
  </ItemGroup>
  <ItemGroup>
    <ClInclude Include="..\include\SearchSystem.h">
      <Filter>Header Files</Filter>
    </ClInclude>
    <ClInclude Include="..\include\ImgInfo.h">
      <Filter>Header Files</Filter>
    </ClInclude>
    <ClInclude Include="..\include\Feature.h">
      <Filter>Header Files</Filter>
    </ClInclude>
    <ClInclude Include="..\include\FeatureExtractor.h">
      <Filter>Header Files</Filter>
    </ClInclude>
    <ClInclude Include="..\include\CommonInternal.h">
      <Filter>Header Files</Filter>
    </ClInclude>
    <ClInclude Include="..\include\FeatureDistance.h">
      <Filter>Header Files</Filter>
    </ClInclude>
    <ClInclude Include="..\include\FeatureRepository.h">
      <Filter>Header Files</Filter>
    </ClInclude>
    <ClInclude Include="..\include\IFeatureRepository.h">
      <Filter>Header Files</Filter>
    </ClInclude>
    <ClInclude Include="..\include\IndexManager.h">
      <Filter>Header Files\FeatureIndexing</Filter>
    </ClInclude>
    <ClInclude Include="..\include\IndexSeekResult.h">
      <Filter>Header Files\FeatureIndexing</Filter>
    </ClInclude>
    <ClInclude Include="..\include\LinearSearchIM.h">
      <Filter>Header Files\FeatureIndexing</Filter>
    </ClInclude>
    <ClInclude Include="..\include\IndexNode.h">
      <Filter>Header Files\FeatureIndexing</Filter>
    </ClInclude>
    <ClInclude Include="..\include\MySqlIndexStorage.h">
      <Filter>Header Files\FeatureIndexing</Filter>
    </ClInclude>
    <ClInclude Include="..\include\IndexStorage.h">
      <Filter>Header Files\FeatureIndexing</Filter>
    </ClInclude>
    <ClInclude Include="..\include\IFeatureDeserializer.h">
      <Filter>Header Files</Filter>
    </ClInclude>
  </ItemGroup>
  <ItemGroup>
    <ClCompile Include="..\src\SearchSystem.cpp">
      <Filter>Source Files</Filter>
    </ClCompile>
    <ClCompile Include="..\src\FeatureRepository.cpp">
      <Filter>Source Files</Filter>
    </ClCompile>
    <ClCompile Include="..\src\LinearSearchIM.cpp">
      <Filter>Source Files\FeatureIndexing</Filter>
    </ClCompile>
    <ClCompile Include="..\src\MySqlIndexStorage.cpp">
      <Filter>Source Files\FeatureIndexing</Filter>
    </ClCompile>
    <ClCompile Include="..\src\IndexStorage.cpp">
      <Filter>Source Files\FeatureIndexing</Filter>
    </ClCompile>
    <ClCompile Include="..\src\IndexManager.cpp">
      <Filter>Source Files\FeatureIndexing</Filter>
    </ClCompile>
    <ClCompile Include="..\src\IndexSeekResult.cpp">
      <Filter>Source Files\FeatureIndexing</Filter>
    </ClCompile>
    <ClCompile Include="..\src\ImgInfo.cpp">
      <Filter>Source Files</Filter>
    </ClCompile>
    <ClCompile Include="..\src\Feature.cpp">
      <Filter>Source Files</Filter>
    </ClCompile>
    <ClCompile Include="..\src\FeatureDistance.cpp">
      <Filter>Source Files</Filter>
    </ClCompile>
  </ItemGroup>
</Project>